
Microsoft Visual Studio Solution File, Format Version 12.00
# Visual Studio Version 17
VisualStudioVersion = 17.11.35222.181
MinimumVisualStudioVersion = 10.0.40219.1
Project("{FAE04EC0-301F-11D3-BF4B-00C04F79EFBC}") = "Assignment-2[form-validation]", "Assignment-2[form-validation]\Assignment-2[form-validation].csproj", "{60CE6DB8-9DBB-4043-AF77-7AC8E9E24E5E}"
EndProject
Global
	GlobalSection(SolutionConfigurationPlatforms) = preSolution
		Debug|Any CPU = Debug|Any CPU
		Release|Any CPU = Release|Any CPU
	EndGlobalSection
	GlobalSection(ProjectConfigurationPlatforms) = postSolution
		{60CE6DB8-9DBB-4043-AF77-7AC8E9E24E5E}.Debug|Any CPU.ActiveCfg = Debug|Any CPU
		{60CE6DB8-9DBB-4043-AF77-7AC8E9E24E5E}.Debug|Any CPU.Build.0 = Debug|Any CPU
		{60CE6DB8-9DBB-4043-AF77-7AC8E9E24E5E}.Release|Any CPU.ActiveCfg = Release|Any CPU
		{60CE6DB8-9DBB-4043-AF77-7AC8E9E24E5E}.Release|Any CPU.Build.0 = Release|Any CPU
	EndGlobalSection
	GlobalSection(SolutionProperties) = preSolution
		HideSolutionNode = FALSE
	EndGlobalSection
	GlobalSection(ExtensibilityGlobals) = postSolution
		SolutionGuid = {47FE877D-3706-4EB9-A36C-B0B201562E18}
	EndGlobalSection
EndGlobal
